# This file is automatically @generated by Cargo.
# It is not intended for manual editing.
version = 4

[[package]]
name = "lm-abi"
version = "0.1.0"

[[package]]
name = "lm-bytecode"
version = "0.1.0"
dependencies = [
 "lm-abi",
]

[[package]]
name = "lm-cli"
version = "0.1.0"
dependencies = [
 "lm-abi",
 "lm-bytecode",
 "lm-hir",
 "lm-host",
 "lm-source",
 "lm-types",
 "lm-value",
 "lm-verify",
 "lm-vm",
]

[[package]]
name = "lm-hir"
version = "0.1.0"
dependencies = [
 "lm-abi",
 "lm-bytecode",
 "lm-source",
 "lm-types",
]

[[package]]
name = "lm-host"
version = "0.1.0"
dependencies = [
 "lm-abi",
 "lm-vm",
]

[[package]]
name = "lm-source"
version = "0.1.0"

[[package]]
name = "lm-testkit"
version = "0.1.0"
dependencies = [
 "lm-abi",
 "lm-bytecode",
 "lm-hir",
 "lm-source",
 "lm-types",
 "lm-value",
 "lm-verify",
 "lm-vm",
]

[[package]]
name = "lm-types"
version = "0.1.0"
dependencies = [
 "lm-abi",
]

[[package]]
name = "lm-value"
version = "0.1.0"

[[package]]
name = "lm-verify"
version = "0.1.0"
dependencies = [
 "lm-abi",
 "lm-bytecode",
]

[[package]]
name = "lm-vm"
version = "0.1.0"
dependencies = [
 "lm-abi",
 "lm-bytecode",
 "lm-value",
 "lm-verify",
]
